{
    "requires": true,
    "lockfileVersion": 1,
    "dependencies": {
        "create-next-app": {
            "version": "15.1.6",
            "resolved": "https://registry.npmjs.org/create-next-app/-/create-next-app-15.1.6.tgz",
            "integrity": "sha512-RxgPXJh1ofWCMhS+X9O/umfddzX80dMgkvpHHJGaLxP8z4RZoaWaiyg5jZRvtl3jea3Z6xh5jTiEzWRBnEIEZw=="
        }
    }
}
